{
  "name": "umarketplace",
  "lockfileVersion": 3,
  "requires": true,
  "packages": {
    "": {
      "dependencies": {
        "@sinclair/typebox": "^0.34.15"
      }
    },
    "node_modules/@sinclair/typebox": {
      "version": "0.34.15",
      "resolved": "https://registry.npmjs.org/@sinclair/typebox/-/typebox-0.34.15.tgz",
      "integrity": "sha512-xeIzl3h1Znn9w/LTITqpiwag0gXjA+ldi2ZkXIBxGEppGCW211Tza+eL6D4pKqs10bj5z2umBWk5WL6spQ2OCQ==",
      "license": "MIT"
    }
  }
}
